
Microsoft Visual Studio Solution File, Format Version 12.00
# Visual Studio Version 16
VisualStudioVersion = 16.0.30225.117
MinimumVisualStudioVersion = 10.0.40219.1
Project("{FAE04EC0-301F-11D3-BF4B-00C04F79EFBC}") = "TrainingDotNetCoreMVC", "TrainingDotNetCoreMVC.csproj", "{2BFE2D9C-2D3D-4861-91EC-ACFA6AF99BD7}"
EndProject
Global
	GlobalSection(SolutionConfigurationPlatforms) = preSolution
		Debug|Any CPU = Debug|Any CPU
		Release|Any CPU = Release|Any CPU
	EndGlobalSection
	GlobalSection(ProjectConfigurationPlatforms) = postSolution
		{2BFE2D9C-2D3D-4861-91EC-ACFA6AF99BD7}.Debug|Any CPU.ActiveCfg = Debug|Any CPU
		{2BFE2D9C-2D3D-4861-91EC-ACFA6AF99BD7}.Debug|Any CPU.Build.0 = Debug|Any CPU
		{2BFE2D9C-2D3D-4861-91EC-ACFA6AF99BD7}.Release|Any CPU.ActiveCfg = Release|Any CPU
		{2BFE2D9C-2D3D-4861-91EC-ACFA6AF99BD7}.Release|Any CPU.Build.0 = Release|Any CPU
	EndGlobalSection
	GlobalSection(SolutionProperties) = preSolution
		HideSolutionNode = FALSE
	EndGlobalSection
	GlobalSection(ExtensibilityGlobals) = postSolution
		SolutionGuid = {D4FD7B53-0990-4205-BAB7-8BEFAD1E2336}
	EndGlobalSection
EndGlobal
